
Microsoft Visual Studio Solution File, Format Version 12.00
# Visual Studio 15
VisualStudioVersion = 15.0.27130.2003
MinimumVisualStudioVersion = 10.0.40219.1
Project("{9A19103F-16F7-4668-BE54-9A1E7A4F7556}") = "DotNetBytes.CodeCaliper.Cli", "DotNetBytes.CodeCaliper.Cli\DotNetBytes.CodeCaliper.Cli.csproj", "{CD1458CB-4F6E-4D0B-9AF6-70F328B0FCC8}"
EndProject
Project("{FAE04EC0-301F-11D3-BF4B-00C04F79EFBC}") = "DotNetBytes.CodeCaliper.Core", "DotNetBytes.CodeCaliper.Core\DotNetBytes.CodeCaliper.Core.csproj", "{3D4ABA66-D17B-4735-BD02-6551C32B5511}"
EndProject
Project("{FAE04EC0-301F-11D3-BF4B-00C04F79EFBC}") = "DotNetBytes.CodeCaliper.Tests", "DotNetBytes.CodeCaliper.Tests\DotNetBytes.CodeCaliper.Tests.csproj", "{15889609-EEE6-491B-AF9F-7D91A5F46331}"
EndProject
Global
	GlobalSection(SolutionConfigurationPlatforms) = preSolution
		Debug|Any CPU = Debug|Any CPU
		Release|Any CPU = Release|Any CPU
	EndGlobalSection
	GlobalSection(ProjectConfigurationPlatforms) = postSolution
		{CD1458CB-4F6E-4D0B-9AF6-70F328B0FCC8}.Debug|Any CPU.ActiveCfg = Debug|Any CPU
		{CD1458CB-4F6E-4D0B-9AF6-70F328B0FCC8}.Debug|Any CPU.Build.0 = Debug|Any CPU
		{CD1458CB-4F6E-4D0B-9AF6-70F328B0FCC8}.Release|Any CPU.ActiveCfg = Release|Any CPU
		{CD1458CB-4F6E-4D0B-9AF6-70F328B0FCC8}.Release|Any CPU.Build.0 = Release|Any CPU
		{3D4ABA66-D17B-4735-BD02-6551C32B5511}.Debug|Any CPU.ActiveCfg = Debug|Any CPU
		{3D4ABA66-D17B-4735-BD02-6551C32B5511}.Debug|Any CPU.Build.0 = Debug|Any CPU
		{3D4ABA66-D17B-4735-BD02-6551C32B5511}.Release|Any CPU.ActiveCfg = Release|Any CPU
		{3D4ABA66-D17B-4735-BD02-6551C32B5511}.Release|Any CPU.Build.0 = Release|Any CPU
		{15889609-EEE6-491B-AF9F-7D91A5F46331}.Debug|Any CPU.ActiveCfg = Debug|Any CPU
		{15889609-EEE6-491B-AF9F-7D91A5F46331}.Debug|Any CPU.Build.0 = Debug|Any CPU
		{15889609-EEE6-491B-AF9F-7D91A5F46331}.Release|Any CPU.ActiveCfg = Release|Any CPU
		{15889609-EEE6-491B-AF9F-7D91A5F46331}.Release|Any CPU.Build.0 = Release|Any CPU
	EndGlobalSection
	GlobalSection(SolutionProperties) = preSolution
		HideSolutionNode = FALSE
	EndGlobalSection
	GlobalSection(ExtensibilityGlobals) = postSolution
		SolutionGuid = {5863BA6B-5B1A-4C06-A6D2-E29C0F8E3A56}
	EndGlobalSection
EndGlobal
